// !$*UTF8*$!
{
	archiveVersion = 1;
	classes = {
	};
	objectVersion = 48;
	objects = {

/* Begin PBXBuildFile section */
		C965D7F81F3BBCCF00CA90A2 /* AppDelegate.swift in Sources */ = {isa = PBXBuildFile; fileRef = C965D7F71F3BBCCF00CA90A2 /* AppDelegate.swift */; };
		C965D7FA1F3BBCCF00CA90A2 /* ViewController.swift in Sources */ = {isa = PBXBuildFile; fileRef = C965D7F91F3BBCCF00CA90A2 /* ViewController.swift */; };
		C965D7FF1F3BBCCF00CA90A2 /* Assets.xcassets in Resources */ = {isa = PBXBuildFile; fileRef = C965D7FE1F3BBCCF00CA90A2 /* Assets.xcassets */; };
		C965D80D1F3BBCCF00CA90A2 /* Swift4GenericsTests.swift in Sources */ = {isa = PBXBuildFile; fileRef = C965D80C1F3BBCCF00CA90A2 /* Swift4GenericsTests.swift */; };
		C965D8181F3BBD5A00CA90A2 /* Bundler.swift in Sources */ = {isa = PBXBuildFile; fileRef = C965D8171F3BBD5A00CA90A2 /* Bundler.swift */; };
		C96F989A1F3BC6A800553F12 /* Subscript.swift in Sources */ = {isa = PBXBuildFile; fileRef = C96F98991F3BC6A800553F12 /* Subscript.swift */; };
		C96F989C1F3BC6D700553F12 /* Generic.swift in Sources */ = {isa = PBXBuildFile; fileRef = C96F989B1F3BC6D700553F12 /* Generic.swift */; };
/* End PBXBuildFile section */

/* Begin PBXContainerItemProxy section */
		C965D8091F3BBCCF00CA90A2 /* PBXContainerItemProxy */ = {
			isa = PBXContainerItemProxy;
			containerPortal = C965D7EC1F3BBCCF00CA90A2 /* Project object */;
			proxyType = 1;
			remoteGlobalIDString = C965D7F31F3BBCCF00CA90A2;
			remoteInfo = Swift4Generics;
		};
/* End PBXContainerItemProxy section */

/* Begin PBXFileReference section */
		C965D7F41F3BBCCF00CA90A2 /* Swift4Generics.app */ = {isa = PBXFileReference; explicitFileType = wrapper.application; includeInIndex = 0; path = Swift4Generics.app; sourceTree = BUILT_PRODUCTS_DIR; };
		C965D7F71F3BBCCF00CA90A2 /* AppDelegate.swift */ = {isa = PBXFileReference; lastKnownFileType = sourcecode.swift; path = AppDelegate.swift; sourceTree = "<group>"; };
		C965D7F91F3BBCCF00CA90A2 /* ViewController.swift */ = {isa = PBXFileReference; lastKnownFileType = sourcecode.swift; path = ViewController.swift; sourceTree = "<group>"; };
		C965D7FE1F3BBCCF00CA90A2 /* Assets.xcassets */ = {isa = PBXFileReference; lastKnownFileType = folder.assetcatalog; path = Assets.xcassets; sourceTree = "<group>"; };
		C965D8031F3BBCCF00CA90A2 /* Info.plist */ = {isa = PBXFileReference; lastKnownFileType = text.plist.xml; path = Info.plist; sourceTree = "<group>"; };
		C965D8081F3BBCCF00CA90A2 /* Swift4GenericsTests.xctest */ = {isa = PBXFileReference; explicitFileType = wrapper.cfbundle; includeInIndex = 0; path = Swift4GenericsTests.xctest; sourceTree = BUILT_PRODUCTS_DIR; };
		C965D80C1F3BBCCF00CA90A2 /* Swift4GenericsTests.swift */ = {isa = PBXFileReference; lastKnownFileType = sourcecode.swift; path = Swift4GenericsTests.swift; sourceTree = "<group>"; };
		C965D80E1F3BBCCF00CA90A2 /* Info.plist */ = {isa = PBXFileReference; lastKnownFileType = text.plist.xml; path = Info.plist; sourceTree = "<group>"; };
		C965D8171F3BBD5A00CA90A2 /* Bundler.swift */ = {isa = PBXFileReference; lastKnownFileType = sourcecode.swift; path = Bundler.swift; sourceTree = "<group>"; };
		C96F98991F3BC6A800553F12 /* Subscript.swift */ = {isa = PBXFileReference; fileEncoding = 4; lastKnownFileType = sourcecode.swift; path = Subscript.swift; sourceTree = "<group>"; };
		C96F989B1F3BC6D700553F12 /* Generic.swift */ = {isa = PBXFileReference; fileEncoding = 4; lastKnownFileType = sourcecode.swift; path = Generic.swift; sourceTree = "<group>"; };
/* End PBXFileReference section */

/* Begin PBXFrameworksBuildPhase section */
		C965D7F11F3BBCCF00CA90A2 /* Frameworks */ = {
			isa = PBXFrameworksBuildPhase;
			buildActionMask = 2147483647;
			files = (
			);
			runOnlyForDeploymentPostprocessing = 0;
		};
		C965D8051F3BBCCF00CA90A2 /* Frameworks */ = {
			isa = PBXFrameworksBuildPhase;
			buildActionMask = 2147483647;
			files = (
			);
			runOnlyForDeploymentPostprocessing = 0;
		};
/* End PBXFrameworksBuildPhase section */

/* Begin PBXGroup section */
		C965D7EB1F3BBCCF00CA90A2 = {
			isa = PBXGroup;
			children = (
				C965D7F61F3BBCCF00CA90A2 /* Swift4Generics */,
				C965D80B1F3BBCCF00CA90A2 /* Swift4GenericsTests */,
				C965D7F51F3BBCCF00CA90A2 /* Products */,
			);
			sourceTree = "<group>";
		};
		C965D7F51F3BBCCF00CA90A2 /* Products */ = {
			isa = PBXGroup;
			children = (
				C965D7F41F3BBCCF00CA90A2 /* Swift4Generics.app */,
				C965D8081F3BBCCF00CA90A2 /* Swift4GenericsTests.xctest */,
			);
			name = Products;
			sourceTree = "<group>";
		};
		C965D7F61F3BBCCF00CA90A2 /* Swift4Generics */ = {
			isa = PBXGroup;
			children = (
				C965D7F71F3BBCCF00CA90A2 /* AppDelegate.swift */,
				C965D7F91F3BBCCF00CA90A2 /* ViewController.swift */,
				C965D7FE1F3BBCCF00CA90A2 /* Assets.xcassets */,
				C965D8031F3BBCCF00CA90A2 /* Info.plist */,
				C965D8171F3BBD5A00CA90A2 /* Bundler.swift */,
				C96F98991F3BC6A800553F12 /* Subscript.swift */,
				C96F989B1F3BC6D700553F12 /* Generic.swift */,
			);
			path = Swift4Generics;
			sourceTree = "<group>";
		};
		C965D80B1F3BBCCF00CA90A2 /* Swift4GenericsTests */ = {
			isa = PBXGroup;
			children = (
				C965D80C1F3BBCCF00CA90A2 /* Swift4GenericsTests.swift */,
				C965D80E1F3BBCCF00CA90A2 /* Info.plist */,
			);
			path = Swift4GenericsTests;
			sourceTree = "<group>";
		};
/* End PBXGroup section */

/* Begin PBXNativeTarget section */
		C965D7F31F3BBCCF00CA90A2 /* Swift4Generics */ = {
			isa = PBXNativeTarget;
			buildConfigurationList = C965D8111F3BBCCF00CA90A2 /* Build configuration list for PBXNativeTarget "Swift4Generics" */;
			buildPhases = (
				C965D7F01F3BBCCF00CA90A2 /* Sources */,
				C965D7F11F3BBCCF00CA90A2 /* Frameworks */,
				C965D7F21F3BBCCF00CA90A2 /* Resources */,
			);
			buildRules = (
			);
			dependencies = (
			);
			name = Swift4Generics;
			productName = Swift4Generics;
			productReference = C965D7F41F3BBCCF00CA90A2 /* Swift4Generics.app */;
			productType = "com.apple.product-type.application";
		};
		C965D8071F3BBCCF00CA90A2 /* Swift4GenericsTests */ = {
			isa = PBXNativeTarget;
			buildConfigurationList = C965D8141F3BBCCF00CA90A2 /* Build configuration list for PBXNativeTarget "Swift4GenericsTests" */;
			buildPhases = (
				C965D8041F3BBCCF00CA90A2 /* Sources */,
				C965D8051F3BBCCF00CA90A2 /* Frameworks */,
				C965D8061F3BBCCF00CA90A2 /* Resources */,
			);
			buildRules = (
			);
			dependencies = (
				C965D80A1F3BBCCF00CA90A2 /* PBXTargetDependency */,
			);
			name = Swift4GenericsTests;
			productName = Swift4GenericsTests;
			productReference = C965D8081F3BBCCF00CA90A2 /* Swift4GenericsTests.xctest */;
			productType = "com.apple.product-type.bundle.unit-test";
		};
/* End PBXNativeTarget section */

/* Begin PBXProject section */
		C965D7EC1F3BBCCF00CA90A2 /* Project object */ = {
			isa = PBXProject;
			attributes = {
				LastSwiftUpdateCheck = 0900;
				LastUpgradeCheck = 0900;
				ORGANIZATIONNAME = "Stewart Gleadow";
				TargetAttributes = {
					C965D7F31F3BBCCF00CA90A2 = {
						CreatedOnToolsVersion = 9.0;
					};
					C965D8071F3BBCCF00CA90A2 = {
						CreatedOnToolsVersion = 9.0;
						TestTargetID = C965D7F31F3BBCCF00CA90A2;
					};
				};
			};
			buildConfigurationList = C965D7EF1F3BBCCF00CA90A2 /* Build configuration list for PBXProject "Swift4Generics" */;
			compatibilityVersion = "Xcode 8.0";
			developmentRegion = en;
			hasScannedForEncodings = 0;
			knownRegions = (
				en,
				Base,
			);
			mainGroup = C965D7EB1F3BBCCF00CA90A2;
			productRefGroup = C965D7F51F3BBCCF00CA90A2 /* Products */;
			projectDirPath = "";
			projectRoot = "";
			targets = (
				C965D7F31F3BBCCF00CA90A2 /* Swift4Generics */,
				C965D8071F3BBCCF00CA90A2 /* Swift4GenericsTests */,
			);
		};
/* End PBXProject section */

/* Begin PBXResourcesBuildPhase section */
		C965D7F21F3BBCCF00CA90A2 /* Resources */ = {
			isa = PBXResourcesBuildPhase;
			buildActionMask = 2147483647;
			files = (
				C965D7FF1F3BBCCF00CA90A2 /* Assets.xcassets in Resources */,
			);
			runOnlyForDeploymentPostprocessing = 0;
		};
		C965D8061F3BBCCF00CA90A2 /* Resources */ = {
			isa = PBXResourcesBuildPhase;
			buildActionMask = 2147483647;
			files = (
			);
			runOnlyForDeploymentPostprocessing = 0;
		};
/* End PBXResourcesBuildPhase section */

/* Begin PBXSourcesBuildPhase section */
		C965D7F01F3BBCCF00CA90A2 /* Sources */ = {
			isa = PBXSourcesBuildPhase;
			buildActionMask = 2147483647;
			files = (
				C96F989C1F3BC6D700553F12 /* Generic.swift in Sources */,
				C965D8181F3BBD5A00CA90A2 /* Bundler.swift in Sources */,
				C96F989A1F3BC6A800553F12 /* Subscript.swift in Sources */,
				C965D7FA1F3BBCCF00CA90A2 /* ViewController.swift in Sources */,
				C965D7F81F3BBCCF00CA90A2 /* AppDelegate.swift in Sources */,
			);
			runOnlyForDeploymentPostprocessing = 0;
		};
		C965D8041F3BBCCF00CA90A2 /* Sources */ = {
			isa = PBXSourcesBuildPhase;
			buildActionMask = 2147483647;
			files = (
				C965D80D1F3BBCCF00CA90A2 /* Swift4GenericsTests.swift in Sources */,
			);
			runOnlyForDeploymentPostprocessing = 0;
		};
/* End PBXSourcesBuildPhase section */

/* Begin PBXTargetDependency section */
		C965D80A1F3BBCCF00CA90A2 /* PBXTargetDependency */ = {
			isa = PBXTargetDependency;
			target = C965D7F31F3BBCCF00CA90A2 /* Swift4Generics */;
			targetProxy = C965D8091F3BBCCF00CA90A2 /* PBXContainerItemProxy */;
		};
/* End PBXTargetDependency section */

/* Begin XCBuildConfiguration section */
		C965D80F1F3BBCCF00CA90A2 /* Debug */ = {
			isa = XCBuildConfiguration;
			buildSettings = {
				ALWAYS_SEARCH_USER_PATHS = NO;
				CLANG_ANALYZER_NONNULL = YES;
				CLANG_ANALYZER_NUMBER_OBJECT_CONVERSION = YES_AGGRESSIVE;
				CLANG_CXX_LANGUAGE_STANDARD = "gnu++14";
				CLANG_CXX_LIBRARY = "libc++";
				CLANG_ENABLE_MODULES = YES;
				CLANG_ENABLE_OBJC_ARC = YES;
				CLANG_WARN_BLOCK_CAPTURE_AUTORELEASING = YES;
				CLANG_WARN_BOOL_CONVERSION = YES;
				CLANG_WARN_COMMA = YES;
				CLANG_WARN_CONSTANT_CONVERSION = YES;
				CLANG_WARN_DIRECT_OBJC_ISA_USAGE = YES_ERROR;
				CLANG_WARN_DOCUMENTATION_COMMENTS = YES;
				CLANG_WARN_EMPTY_BODY = YES;
				CLANG_WARN_ENUM_CONVERSION = YES;
				CLANG_WARN_INFINITE_RECURSION = YES;
				CLANG_WARN_INT_CONVERSION = YES;
				CLANG_WARN_NON_LITERAL_NULL_CONVERSION = YES;
				CLANG_WARN_OBJC_LITERAL_CONVERSION = YES;
				CLANG_WARN_OBJC_ROOT_CLASS = YES_ERROR;
				CLANG_WARN_RANGE_LOOP_ANALYSIS = YES;
				CLANG_WARN_STRICT_PROTOTYPES = YES;
				CLANG_WARN_SUSPICIOUS_MOVE = YES;
				CLANG_WARN_UNGUARDED_AVAILABILITY = YES_AGGRESSIVE;
				CLANG_WARN_UNREACHABLE_CODE = YES;
				CLANG_WARN__DUPLICATE_METHOD_MATCH = YES;
				CODE_SIGN_IDENTITY = "iPhone Developer";
				COPY_PHASE_STRIP = NO;
				DEBUG_INFORMATION_FORMAT = dwarf;
				ENABLE_STRICT_OBJC_MSGSEND = YES;
				ENABLE_TESTABILITY = YES;
				GCC_C_LANGUAGE_STANDARD = gnu11;
				GCC_DYNAMIC_NO_PIC = NO;
				GCC_NO_COMMON_BLOCKS = YES;
				GCC_OPTIMIZATION_LEVEL = 0;
				GCC_PREPROCESSOR_DEFINITIONS = (
					"DEBUG=1",
					"$(inherited)",
				);
				GCC_WARN_64_TO_32_BIT_CONVERSION = YES;
				GCC_WARN_ABOUT_RETURN_TYPE = YES_ERROR;
				GCC_WARN_UNDECLARED_SELECTOR = YES;
				GCC_WARN_UNINITIALIZED_AUTOS = YES_AGGRESSIVE;
				GCC_WARN_UNUSED_FUNCTION = YES;
				GCC_WARN_UNUSED_VARIABLE = YES;
				IPHONEOS_DEPLOYMENT_TARGET = 10.0;
				MTL_ENABLE_DEBUG_INFO = YES;
				ONLY_ACTIVE_ARCH = YES;
				SDKROOT = iphoneos;
				SWIFT_ACTIVE_COMPILATION_CONDITIONS = DEBUG;
				SWIFT_OPTIMIZATION_LEVEL = "-Onone";
				SWIFT_VERSION = 3.0;
			};
			name = Debug;
		};
		C965D8101F3BBCCF00CA90A2 /* Release */ = {
			isa = XCBuildConfiguration;
			buildSettings = {
				ALWAYS_SEARCH_USER_PATHS = NO;
				CLANG_ANALYZER_NONNULL = YES;
				CLANG_ANALYZER_NUMBER_OBJECT_CONVERSION = YES_AGGRESSIVE;
				CLANG_CXX_LANGUAGE_STANDARD = "gnu++14";
				CLANG_CXX_LIBRARY = "libc++";
				CLANG_ENABLE_MODULES = YES;
				CLANG_ENABLE_OBJC_ARC = YES;
				CLANG_WARN_BLOCK_CAPTURE_AUTORELEASING = YES;
				CLANG_WARN_BOOL_CONVERSION = YES;
				CLANG_WARN_COMMA = YES;
				CLANG_WARN_CONSTANT_CONVERSION = YES;
				CLANG_WARN_DIRECT_OBJC_ISA_USAGE = YES_ERROR;
				CLANG_WARN_DOCUMENTATION_COMMENTS = YES;
				CLANG_WARN_EMPTY_BODY = YES;
				CLANG_WARN_ENUM_CONVERSION = YES;
				CLANG_WARN_INFINITE_RECURSION = YES;
				CLANG_WARN_INT_CONVERSION = YES;
				CLANG_WARN_NON_LITERAL_NULL_CONVERSION = YES;
				CLANG_WARN_OBJC_LITERAL_CONVERSION = YES;
				CLANG_WARN_OBJC_ROOT_CLASS = YES_ERROR;
				CLANG_WARN_RANGE_LOOP_ANALYSIS = YES;
				CLANG_WARN_STRICT_PROTOTYPES = YES;
				CLANG_WARN_SUSPICIOUS_MOVE = YES;
				CLANG_WARN_UNGUARDED_AVAILABILITY = YES_AGGRESSIVE;
				CLANG_WARN_UNREACHABLE_CODE = YES;
				CLANG_WARN__DUPLICATE_METHOD_MATCH = YES;
				CODE_SIGN_IDENTITY = "iPhone Developer";
				COPY_PHASE_STRIP = NO;
				DEBUG_INFORMATION_FORMAT = "dwarf-with-dsym";
				ENABLE_NS_ASSERTIONS = NO;
				ENABLE_STRICT_OBJC_MSGSEND = YES;
				GCC_C_LANGUAGE_STANDARD = gnu11;
				GCC_NO_COMMON_BLOCKS = YES;
				GCC_WARN_64_TO_32_BIT_CONVERSION = YES;
				GCC_WARN_ABOUT_RETURN_TYPE = YES_ERROR;
				GCC_WARN_UNDECLARED_SELECTOR = YES;
				GCC_WARN_UNINITIALIZED_AUTOS = YES_AGGRESSIVE;
				GCC_WARN_UNUSED_FUNCTION = YES;
				GCC_WARN_UNUSED_VARIABLE = YES;
				IPHONEOS_DEPLOYMENT_TARGET = 10.0;
				MTL_ENABLE_DEBUG_INFO = NO;
				SDKROOT = iphoneos;
				SWIFT_OPTIMIZATION_LEVEL = "-Owholemodule";
				SWIFT_VERSION = 3.0;
				VALIDATE_PRODUCT = YES;
			};
			name = Release;
		};
		C965D8121F3BBCCF00CA90A2 /* Debug */ = {
			isa = XCBuildConfiguration;
			buildSettings = {
				ASSETCATALOG_COMPILER_APPICON_NAME = AppIcon;
				DEVELOPMENT_TEAM = 8S3QUDD6DM;
				INFOPLIST_FILE = Swift4Generics/Info.plist;
				LD_RUNPATH_SEARCH_PATHS = "$(inherited) @executable_path/Frameworks";
				PRODUCT_BUNDLE_IDENTIFIER = com.stewgleadow.Swift4Generics;
				PRODUCT_NAME = "$(TARGET_NAME)";
				TARGETED_DEVICE_FAMILY = "1,2";
			};
			name = Debug;
		};
		C965D8131F3BBCCF00CA90A2 /* Release */ = {
			isa = XCBuildConfiguration;
			buildSettings = {
				ASSETCATALOG_COMPILER_APPICON_NAME = AppIcon;
				DEVELOPMENT_TEAM = 8S3QUDD6DM;
				INFOPLIST_FILE = Swift4Generics/Info.plist;
				LD_RUNPATH_SEARCH_PATHS = "$(inherited) @executable_path/Frameworks";
				PRODUCT_BUNDLE_IDENTIFIER = com.stewgleadow.Swift4Generics;
				PRODUCT_NAME = "$(TARGET_NAME)";
				TARGETED_DEVICE_FAMILY = "1,2";
			};
			name = Release;
		};
		C965D8151F3BBCCF00CA90A2 /* Debug */ = {
			isa = XCBuildConfiguration;
			buildSettings = {
				ALWAYS_EMBED_SWIFT_STANDARD_LIBRARIES = YES;
				BUNDLE_LOADER = "$(TEST_HOST)";
				DEVELOPMENT_TEAM = 8S3QUDD6DM;
				INFOPLIST_FILE = Swift4GenericsTests/Info.plist;
				LD_RUNPATH_SEARCH_PATHS = "$(inherited) @executable_path/Frameworks @loader_path/Frameworks";
				PRODUCT_BUNDLE_IDENTIFIER = com.stewgleadow.Swift4GenericsTests;
				PRODUCT_NAME = "$(TARGET_NAME)";
				TARGETED_DEVICE_FAMILY = "1,2";
				TEST_HOST = "$(BUILT_PRODUCTS_DIR)/Swift4Generics.app/Swift4Generics";
			};
			name = Debug;
		};
		C965D8161F3BBCCF00CA90A2 /* Release */ = {
			isa = XCBuildConfiguration;
			buildSettings = {
				ALWAYS_EMBED_SWIFT_STANDARD_LIBRARIES = YES;
				BUNDLE_LOADER = "$(TEST_HOST)";
				DEVELOPMENT_TEAM = 8S3QUDD6DM;
				INFOPLIST_FILE = Swift4GenericsTests/Info.plist;
				LD_RUNPATH_SEARCH_PATHS = "$(inherited) @executable_path/Frameworks @loader_path/Frameworks";
				PRODUCT_BUNDLE_IDENTIFIER = com.stewgleadow.Swift4GenericsTests;
				PRODUCT_NAME = "$(TARGET_NAME)";
				TARGETED_DEVICE_FAMILY = "1,2";
				TEST_HOST = "$(BUILT_PRODUCTS_DIR)/Swift4Generics.app/Swift4Generics";
			};
			name = Release;
		};
/* End XCBuildConfiguration section */

/* Begin XCConfigurationList section */
		C965D7EF1F3BBCCF00CA90A2 /* Build configuration list for PBXProject "Swift4Generics" */ = {
			isa = XCConfigurationList;
			buildConfigurations = (
				C965D80F1F3BBCCF00CA90A2 /* Debug */,
				C965D8101F3BBCCF00CA90A2 /* Release */,
			);
			defaultConfigurationIsVisible = 0;
			defaultConfigurationName = Release;
		};
		C965D8111F3BBCCF00CA90A2 /* Build configuration list for PBXNativeTarget "Swift4Generics" */ = {
			isa = XCConfigurationList;
			buildConfigurations = (
				C965D8121F3BBCCF00CA90A2 /* Debug */,
				C965D8131F3BBCCF00CA90A2 /* Release */,
			);
			defaultConfigurationIsVisible = 0;
			defaultConfigurationName = Release;
		};
		C965D8141F3BBCCF00CA90A2 /* Build configuration list for PBXNativeTarget "Swift4GenericsTests" */ = {
			isa = XCConfigurationList;
			buildConfigurations = (
				C965D8151F3BBCCF00CA90A2 /* Debug */,
				C965D8161F3BBCCF00CA90A2 /* Release */,
			);
			defaultConfigurationIsVisible = 0;
			defaultConfigurationName = Release;
		};
/* End XCConfigurationList section */
	};
	rootObject = C965D7EC1F3BBCCF00CA90A2 /* Project object */;
}
